# THIS IS AN AUTOGENERATED FILE. DO NOT EDIT THIS FILE DIRECTLY.
assets/2c37f3699d9728b566e9bdc5b11e5180.eot:
  development: 2016-12-27T03:10:49-05:00   4047ffe8e05863a7ccc069c5139d3564
assets/2c37f3699d9728b566e9bdc5b11e5180.woff:
  development: 2016-12-27T03:10:50-05:00   0f35a79d440a431173a2acb5480fd753
assets/5A35E42C91923E46._t_:
  development: 2016-09-05T13:34:25-04:00   3124f6a3caea8c6dbacdbbb66a0309c6
assets/2931E33706BDA342._t_:
  development: 2016-12-28T18:53:15-05:00   3124f6a3caea8c6dbacdbbb66a0309c6
assets/2c37f3699d9728b566e9bdc5b11e5180.svg:
  development: 2016-12-27T03:10:49-05:00   beb375e99cb8e051cf191151ee9c8bf3
assets/2c37f3699d9728b566e9bdc5b11e5180.ttf:
  development: 2016-12-27T03:10:49-05:00   2c37f3699d9728b566e9bdc5b11e5180
assets/2c37f3699d9728b566e9bdc5b11e5180.woff2:
  development: 2016-12-27T03:10:50-05:00   ace93d3082771c5678571f9732c6c4ee
assets/7375954224876827._t_:
  development: 2017-06-01T13:24:10-04:00   3124f6a3caea8c6dbacdbbb66a0309c6
assets/A0D0F2E330FB5CF6._t_:
  development: 2017-06-01T13:34:31-04:00   3124f6a3caea8c6dbacdbbb66a0309c6
assets/A1296DBC2BDE445B._t_:
  development: 2016-09-03T22:19:41-04:00   3124f6a3caea8c6dbacdbbb66a0309c6
assets/Beaufort W01 Regular.eot:
  development: 2016-12-27T03:10:12-05:00   4047ffe8e05863a7ccc069c5139d3564
assets/Beaufort W01 Regular.otf:
  development: 2016-12-27T03:10:12-05:00   001bbdcd2a17fd17ddd2c199693a8712
assets/Beaufort W01 Regular.svg:
  development: 2016-12-27T03:10:13-05:00   beb375e99cb8e051cf191151ee9c8bf3
assets/Beaufort W01 Regular.ttf:
  development: 2016-12-27T03:10:13-05:00   2c37f3699d9728b566e9bdc5b11e5180
assets/Beaufort W01 Regular.woff:
  development: 2016-12-27T03:10:14-05:00   0f35a79d440a431173a2acb5480fd753
assets/DCAA37308C13FBA1._t_:
  development: 2016-09-05T13:36:49-04:00   3124f6a3caea8c6dbacdbbb66a0309c6
assets/ajax-cart.js.liquid:
  development: 2016-12-11T19:18:53-05:00   b3ba0e3682698a2f231f13028f39df45
assets/f-0.eot:
  development: 2016-08-18T18:14:15-04:00   eca8ec47f341d9fb5c202549b88e100b
assets/f.eot:
  development: 2016-08-18T18:14:18-04:00   eca8ec47f341d9fb5c202549b88e100b
assets/f.ttf:
  development: 2016-08-18T18:14:20-04:00   1a1e767873bbb1b51473ee4f07b37fb7
assets/f.woff:
  development: 2016-08-18T18:14:25-04:00   cda2a267476ee3059524459d51408798
assets/f.woff2:
  development: 2016-08-18T18:14:22-04:00   290d75b66b2649b59f58febb521310f8
assets/fastclick.min.js:
  development: 2016-08-11T19:32:30-04:00   4c68290ccc4d503561895dff0821621f
assets/gift-card.scss.liquid:
  development: 2016-08-21T17:26:36-04:00   c4d99d6414af35760c5112b609962e87
assets/handlebars.min.js:
  development: 2016-08-18T17:22:54-04:00   b3c11508a224ee83f86e2fc6491e9751
assets/ico-select.svg.liquid:
  development: 2016-08-21T17:21:47-04:00   9c9cc5a57cc74a0a64c2f62b1370a920
assets/icons.eot:
  development: 2016-08-21T17:26:37-04:00   6499aa740322bffbb6e26ebadf450c4a
assets/icons.json:
  development: 2016-08-21T17:24:39-04:00   6f9018585c3e215e29cef8e390091787
assets/icons.svg:
  development: 2016-08-21T17:25:30-04:00   1f568afd815839eae6eb796a52a497a6
assets/icons.ttf:
  development: 2016-08-21T17:21:50-04:00   0678272006d7b08a523ae6973a72d181
assets/icons.woff:
  development: 2016-08-21T17:22:29-04:00   6d64bee3b4d239a6cf6af98045a95954
assets/logo_gc.svg:
  development: 2016-09-05T13:37:50-04:00   480a1555bf55e604610cfa2d16cb8805
assets/logo_large.svg:
  development: 2016-08-30T13:33:59-04:00   d25f187d038ffeece644a4e02d0f0877
assets/logo_small.svg:
  development: 2016-08-30T13:34:00-04:00   05bb64a489fae1a6e9c54ebdb159f9eb
assets/logo_small_black.svg:
  development: 2016-09-05T13:34:25-04:00   d0f4e21de663bca42d074f9673e7a705
assets/main.min.css:
  development: 2017-06-01T13:40:56-04:00   773102812a2334c57906eb80bdd55afb
assets/main.min.css.map:
  development: 2017-06-01T13:40:56-04:00   97e59df65a7c551c247a6c32298f25ac
assets/main.min.js:
  development: 2017-01-17T18:24:48-05:00   c441a7619854f700a9c8f9fc2c2a956c
assets/main.min.js.map:
  development: 2017-01-17T18:24:48-05:00   5bec5fd0d1acfcf9bf5dbbf2ce0965c0
assets/mobile-bg.jpg:
  development: 2016-09-06T14:09:13-04:00   13c017f946e6f5992d2d8829599b4b3b
assets/mobile-bg.jpg.crdownload:
  development: 2016-09-06T14:09:11-04:00   13c017f946e6f5992d2d8829599b4b3b
assets/modernizr.min.js:
  development: 2016-08-21T17:23:45-04:00   dc21cffad945a84cbbe770d52b1a0ded
assets/respond-proxy.html:
  development: 2016-08-11T19:32:30-04:00   75002d74a330bff6bf069284da503b4c
assets/respond.min.js:
  development: 2016-08-11T19:32:31-04:00   a2684e9b8fa50d6d11c56a9ada068528
assets/theme.min.js:
  development: 2016-08-21T17:24:20-04:00   7d53f83c5ce5f228723005564a6ab312
assets/timber.js.liquid:
  development: 2016-08-18T16:18:08-04:00   8663e17d15e94386b5d6fb7c3e44b0bf
assets/timber.scss.liquid:
  development: 2016-08-18T16:18:10-04:00   ba59f53b6ce2656fb2abd9eedb901fe2
assets/title_a-w-2015.svg:
  development: 2016-12-28T00:32:03-05:00   e12843b3fb821b98a4d7bf2373941cfb
assets/title_a-w-2016.svg:
  development: 2016-12-28T00:31:54-05:00   abd5aec024afb261c750955f158ce0f7
assets/title_aw15 2.svg:
  development: 2016-12-28T00:31:14-05:00   e12843b3fb821b98a4d7bf2373941cfb
assets/title_aw15.svg:
  development: 2016-08-30T13:34:26-04:00   e12843b3fb821b98a4d7bf2373941cfb
assets/title_aw16 2.svg:
  development: 2016-12-28T00:31:14-05:00   abd5aec024afb261c750955f158ce0f7
assets/title_aw16.svg:
  development: 2016-08-30T13:34:26-04:00   abd5aec024afb261c750955f158ce0f7
assets/title_aw17 2.svg:
  development: 2017-06-01T13:39:47-04:00   29e2e969cc25fcc1b04b7750dad20dcf
assets/title_aw17.svg:
  development: 2017-06-01T13:37:25-04:00   29e2e969cc25fcc1b04b7750dad20dcf
assets/title_f-w-2015.svg:
  development: 2016-12-28T00:37:11-05:00   e12843b3fb821b98a4d7bf2373941cfb
assets/title_f-w-2016.svg:
  development: 2016-12-28T00:37:14-05:00   abd5aec024afb261c750955f158ce0f7
assets/title_f-w-2017.svg:
  development: 2017-06-01T13:39:52-04:00   29e2e969cc25fcc1b04b7750dad20dcf
assets/title_fw17.svg:
  development: 2017-06-01T13:27:59-04:00   5ec88392a10f70042eab8a69fb4cd11e
assets/title_s-s-2015.svg:
  development: 2016-12-28T00:31:42-05:00   46a2665c060cb4b68ce51a3055357028
assets/title_s-s-2016.svg:
  development: 2016-12-28T00:31:31-05:00   cf529bbc38618581b71ec6ff81660544
assets/title_s-s-2017 2.svg:
  development: 2016-12-29T01:10:29-05:00   5ec88392a10f70042eab8a69fb4cd11e
assets/title_s-s-2017.svg:
  development: 2016-12-29T01:09:24-05:00   5ec88392a10f70042eab8a69fb4cd11e
assets/title_ss15 2.svg:
  development: 2016-12-28T00:31:14-05:00   46a2665c060cb4b68ce51a3055357028
assets/title_ss15.svg:
  development: 2016-08-30T13:34:27-04:00   46a2665c060cb4b68ce51a3055357028
assets/title_ss16 2.svg:
  development: 2016-12-28T00:31:15-05:00   cf529bbc38618581b71ec6ff81660544
assets/title_ss16.svg:
  development: 2016-09-03T22:19:41-04:00   cf529bbc38618581b71ec6ff81660544
assets/title_ss17.svg:
  development: 2016-12-29T01:10:36-05:00   5ec88392a10f70042eab8a69fb4cd11e
assets/vendor.min.js:
  development: 2016-12-16T14:28:45-05:00   ddb9919c31e21595d45b4e89e270a120
config/settings_data.json:
  development: 2017-06-01T13:43:04-04:00   afa267858cad44a0493a2e14415eb5a0
config/settings_schema.json:
  development: 2016-12-28T19:54:05-05:00   3890c9492556ecdd0a89d5be91a7e2f3
layout/theme.liquid:
  development: 2017-06-01T13:34:50-04:00   e581eb8bba1964b96c20a7f4b61e7190
locales/de.json:
  development: 2016-08-18T16:30:56-04:00   585899bd4424d43afa93b72083a5aa0e
locales/en.default.json:
  development: 2016-08-18T16:30:54-04:00   0a791f30da40a2af3f9b331f7d3ec7fe
locales/es.json:
  development: 2016-08-21T17:22:06-04:00   e1095d0bd282d98ace9c18e5973bb6bf
locales/fr.json:
  development: 2016-08-18T16:30:58-04:00   95311e190dd74a4665d004f60dda8ad2
locales/pt-BR.json:
  development: 2016-08-21T17:21:38-04:00   3bc832b43077ef1681f2fe4be3eda8c9
locales/pt-PT.json:
  development: 2016-08-21T17:23:46-04:00   6ddf443592f389ff55aa739569736f47
snippets/about-screen.liquid:
  development: 2016-12-12T21:53:47-05:00   e4c883357f97f16d9c9413614b6ec2af
snippets/ajax-cart-template.liquid:
  development: 2016-12-27T18:45:27-05:00   90b62eb64ffd2c247333236f23e5ea5d
snippets/article-body.liquid:
  development: 2016-12-29T01:43:31-05:00   673f4ba339936073a3a533a5490ba469
snippets/blog-body 2.liquid:
  development: 2016-12-29T01:23:55-05:00   3a795a91d20d3f95c12c377ac36c2e63
snippets/blog-body.liquid:
  development: 2016-12-29T01:59:29-05:00   57220d55bf3d93d45d680e7344c3bb31
snippets/blog-header 2.liquid:
  development: 2016-09-03T20:31:17-04:00   577b5ebee214c1ea68467f8bd6c1096a
snippets/blog-header.liquid:
  development: 2016-12-12T15:10:30-05:00   beb43c5a001b95fe7ce3efc5eefd04ce
snippets/blog-sidebar 2.liquid:
  development: 2016-08-31T14:57:50-04:00   ae3891e372509ded7074e50b2a97f438
snippets/blog-sidebar.liquid:
  development: 2016-08-18T16:25:09-04:00   ae3891e372509ded7074e50b2a97f438
snippets/breadcrumb.liquid:
  development: 2016-08-18T16:25:11-04:00   7bf89ebc6f2f46288fa59aa305a42514
snippets/collection-panel.liquid:
  development: 2016-09-06T14:03:20-04:00   de11c3e1b528a321f7eff18c90e47250
snippets/collection-sidebar.liquid:
  development: 2016-08-18T16:25:13-04:00   b53274904cf2b47ce2fb4c3e6d632bb3
snippets/collection-sorting.liquid:
  development: 2016-08-18T16:25:15-04:00   d369d2d4697110800946220909e8ecf8
snippets/comment.liquid:
  development: 2016-08-18T16:25:17-04:00   c766e42be8a74e05533d0e5a0e3a9ce3
snippets/footer.liquid:
  development: 2016-12-27T20:03:22-05:00   686783f039cb2faefcaa33b5587d0098
snippets/google-fonts.liquid:
  development: 2016-08-11T19:32:31-04:00   8e40cfa27425f9a5b955b747e1edee96
snippets/homepage-video.liquid:
  development: 2016-09-06T15:01:41-04:00   fa46cba6b143a565d6944e067c9d45ce
snippets/menu 2.liquid:
  development: 2016-12-17T16:26:57-05:00   9c4ff2c0e14621d576b417511d0e3220
snippets/menu.liquid:
  development: 2017-01-17T18:24:02-05:00   dbbc8bef5855bc75507ddff8f133720a
snippets/mobile-menu.liquid:
  development: 2017-01-23T21:15:03-05:00   c98bb2b5b477b57f9622269b8f46b944
snippets/oldIE-js.liquid:
  development: 2016-08-18T16:25:19-04:00   1197cc7109944206a600ed5caaef6a6f
snippets/onboarding-empty-collection.liquid:
  development: 2016-08-18T16:25:01-04:00   b25d81b4ba1c3e279fa58a5aade16b43
snippets/onboarding-featured-collections.liquid:
  development: 2016-08-18T16:25:03-04:00   63d3e42eb5e78f32bdd7d7bb96c2aa81
snippets/onboarding-featured-products.liquid:
  development: 2016-08-18T16:25:05-04:00   6a32fc5786e0f1dc98a1f75897fca8b3
snippets/product-grid-item.liquid:
  development: 2016-12-27T02:23:52-05:00   0b1f761a50fc4f8e8080df7e225d09c7
snippets/respond.liquid:
  development: 2016-08-18T16:25:24-04:00   ca6abf0635dc2ad8c6bd377f83c79f6b
snippets/search-bar.liquid:
  development: 2016-08-18T16:25:26-04:00   733af687725a8174f1348c58f0d5a3e4
snippets/shop-nav.liquid:
  development: 2016-12-12T22:03:39-05:00   9e8b7f8eeeae407c3e8411d1a5ecbcf1
snippets/social-meta-tags.liquid:
  development: 2016-08-18T16:25:28-04:00   e7c97d7cb76c7925dd144dfb7b188cac
snippets/swatch.liquid:
  development: 2016-09-12T13:27:20-04:00
snippets/tags-article.liquid:
  development: 2016-08-18T16:25:30-04:00   52bc59a44a51be2f1745559c2ba514a2
templates/404.liquid:
  development: 2016-08-18T16:17:25-04:00   44a6b0129de575e7085a047bc2096a76
templates/article.liquid:
  development: 2016-12-29T01:25:33-05:00   4be88a554e3cb526669fc059beeb10d8
templates/blog.liquid:
  development: 2016-12-28T00:26:48-05:00   0437f4c42f907784258f32271da99df6
templates/cart.liquid:
  development: 2016-12-18T15:52:59-05:00   0e1153b6e7e12c95c0ae267604e572c1
templates/collection.liquid:
  development: 2017-05-31T13:21:46-04:00   47b230ea71aeb7fc75fcb2dd89bd8620
templates/collection.list.liquid:
  development: 2016-09-07T15:38:54-04:00   82e9fd31fcc829ba7b26905cd744bfd8
templates/customers/account.liquid:
  development: 2016-08-21T17:24:40-04:00   da9e3584ef6699ac5c811b73b42c58db
templates/customers/activate_account.liquid:
  development: 2016-08-21T17:25:05-04:00   d92bfce42f05a75de2f61cb6ba433e69
templates/customers/addresses.liquid:
  development: 2016-08-21T17:25:35-04:00   6847192c5a7fd5683f4a499353914a1a
templates/customers/login.liquid:
  development: 2016-08-21T17:22:49-04:00   e292c0a273f17c7835d558e1b61149cf
templates/customers/order.liquid:
  development: 2016-08-21T17:21:29-04:00   e3ec01e9286bf4daa7b5a3a7bbe8479c
templates/customers/register.liquid:
  development: 2016-08-21T17:25:53-04:00   77a294477ea2d6de5861f583e2a05051
templates/customers/reset_password.liquid:
  development: 2016-08-21T17:21:11-04:00   66ba7b680ca26b2eba0f162d4122d94c
templates/gift_card.liquid:
  development: 2016-08-18T16:17:48-04:00   c1ae0f8232e003fac57213d1353e513c
templates/index.liquid:
  development: 2017-06-01T13:37:46-04:00   4c71f9324ec256eb2ee0863ed408debb
templates/list-collections.liquid:
  development: 2016-08-18T16:17:52-04:00   380da281c4820602d95334029b03aa84
templates/page 2.liquid:
  development: 2016-12-18T15:26:11-05:00   32faec183321b6d7d9b4197ec3e05575
templates/page.about.liquid:
  development: 2016-12-18T15:41:17-05:00   22c81c6fe47bedcdd9609352598680ca
templates/page.contact.liquid:
  development: 2016-08-18T16:17:54-04:00   1d694a5be30bd64695b503c2d4b928dc
templates/page.liquid:
  development: 2016-08-18T16:17:56-04:00   32faec183321b6d7d9b4197ec3e05575
templates/product.liquid:
  development: 2017-05-30T14:42:15-04:00   e1961a1de43029310e67c1c140d5c36f
templates/search.liquid:
  development: 2016-08-18T16:18:00-04:00   3926b96d4d14c2cd8409e56f7cc6d6e0
